
Microsoft Visual Studio Solution File, Format Version 12.00
# Visual Studio Version 17
VisualStudioVersion = 17.5.002.0
MinimumVisualStudioVersion = 10.0.40219.1
Project("{9A19103F-16F7-4668-BE54-9A1E7A4F7556}") = "c-sharp-leetcode", "c-sharp-leetcode.csproj", "{4546E9FD-AECB-4159-9BFF-09A57C6BEEFF}"
EndProject
Global
	GlobalSection(SolutionConfigurationPlatforms) = preSolution
		Debug|Any CPU = Debug|Any CPU
		Release|Any CPU = Release|Any CPU
	EndGlobalSection
	GlobalSection(ProjectConfigurationPlatforms) = postSolution
		{4546E9FD-AECB-4159-9BFF-09A57C6BEEFF}.Debug|Any CPU.ActiveCfg = Debug|Any CPU
		{4546E9FD-AECB-4159-9BFF-09A57C6BEEFF}.Debug|Any CPU.Build.0 = Debug|Any CPU
		{4546E9FD-AECB-4159-9BFF-09A57C6BEEFF}.Release|Any CPU.ActiveCfg = Release|Any CPU
		{4546E9FD-AECB-4159-9BFF-09A57C6BEEFF}.Release|Any CPU.Build.0 = Release|Any CPU
	EndGlobalSection
	GlobalSection(SolutionProperties) = preSolution
		HideSolutionNode = FALSE
	EndGlobalSection
	GlobalSection(ExtensibilityGlobals) = postSolution
		SolutionGuid = {574318F2-1EE9-49B5-AD9D-BD808FE63218}
	EndGlobalSection
EndGlobal
